
Microsoft Visual Studio Solution File, Format Version 12.00
# Visual Studio 15
VisualStudioVersion = 15.0.28307.779
MinimumVisualStudioVersion = 10.0.40219.1
Project("{9A19103F-16F7-4668-BE54-9A1E7A4F7556}") = "webapi_core_rm", "wepapi_core\webapi_core_rm.csproj", "{CFEF8C0E-BB20-4E49-A191-F8468992E7EE}"
EndProject
Global
	GlobalSection(SolutionConfigurationPlatforms) = preSolution
		Debug|Any CPU = Debug|Any CPU
		Release|Any CPU = Release|Any CPU
	EndGlobalSection
	GlobalSection(ProjectConfigurationPlatforms) = postSolution
		{CFEF8C0E-BB20-4E49-A191-F8468992E7EE}.Debug|Any CPU.ActiveCfg = Debug|Any CPU
		{CFEF8C0E-BB20-4E49-A191-F8468992E7EE}.Debug|Any CPU.Build.0 = Debug|Any CPU
		{CFEF8C0E-BB20-4E49-A191-F8468992E7EE}.Release|Any CPU.ActiveCfg = Release|Any CPU
		{CFEF8C0E-BB20-4E49-A191-F8468992E7EE}.Release|Any CPU.Build.0 = Release|Any CPU
	EndGlobalSection
	GlobalSection(SolutionProperties) = preSolution
		HideSolutionNode = FALSE
	EndGlobalSection
	GlobalSection(ExtensibilityGlobals) = postSolution
		SolutionGuid = {BFB44B84-51E9-4418-8434-76CF9026B03B}
	EndGlobalSection
EndGlobal
